
Microsoft Visual Studio Solution File, Format Version 12.00
# Visual Studio Version 17
VisualStudioVersion = 17.4.33213.308
MinimumVisualStudioVersion = 10.0.40219.1
Project("{9A19103F-16F7-4668-BE54-9A1E7A4F7556}") = "supermarket.API", "supermarket.API.csproj", "{550F3736-D743-4388-8C10-649923ADAFCB}"
EndProject
Global
	GlobalSection(SolutionConfigurationPlatforms) = preSolution
		Debug|Any CPU = Debug|Any CPU
		Release|Any CPU = Release|Any CPU
	EndGlobalSection
	GlobalSection(ProjectConfigurationPlatforms) = postSolution
		{550F3736-D743-4388-8C10-649923ADAFCB}.Debug|Any CPU.ActiveCfg = Debug|Any CPU
		{550F3736-D743-4388-8C10-649923ADAFCB}.Debug|Any CPU.Build.0 = Debug|Any CPU
		{550F3736-D743-4388-8C10-649923ADAFCB}.Release|Any CPU.ActiveCfg = Release|Any CPU
		{550F3736-D743-4388-8C10-649923ADAFCB}.Release|Any CPU.Build.0 = Release|Any CPU
	EndGlobalSection
	GlobalSection(SolutionProperties) = preSolution
		HideSolutionNode = FALSE
	EndGlobalSection
	GlobalSection(ExtensibilityGlobals) = postSolution
		SolutionGuid = {F007BFC6-1244-4538-974B-74AB3815757E}
	EndGlobalSection
EndGlobal
